// !$*UTF8*$!
{
	archiveVersion = 1;
	classes = {
	};
	objectVersion = 56;
	objects = {

/* Begin PBXBuildFile section */
		C50A26762B5C1A290034F8DE /* Kingfisher in Frameworks */ = {isa = PBXBuildFile; productRef = C50A26752B5C1A290034F8DE /* Kingfisher */; };
		C50A26792B5C1A840034F8DE /* SDWebImageSwiftUI in Frameworks */ = {isa = PBXBuildFile; productRef = C50A26782B5C1A840034F8DE /* SDWebImageSwiftUI */; };
		C50A267C2B5C4CAB0034F8DE /* CategoryDetailsView.swift in Sources */ = {isa = PBXBuildFile; fileRef = C50A267B2B5C4CAB0034F8DE /* CategoryDetailsView.swift */; };
		C50A267E2B5C4D730034F8DE /* ActivityIndicatorView.swift in Sources */ = {isa = PBXBuildFile; fileRef = C50A267D2B5C4D730034F8DE /* ActivityIndicatorView.swift */; };
		C50A26802B5C4DC70034F8DE /* Place.swift in Sources */ = {isa = PBXBuildFile; fileRef = C50A267F2B5C4DC70034F8DE /* Place.swift */; };
		C52A9D1A2B6C213700AB4FA8 /* DestinationHeaderContainer.swift in Sources */ = {isa = PBXBuildFile; fileRef = C52A9D192B6C213700AB4FA8 /* DestinationHeaderContainer.swift */; };
		C52A9D1D2B6C5C0200AB4FA8 /* RestaurantDetailsView.swift in Sources */ = {isa = PBXBuildFile; fileRef = C52A9D1C2B6C5C0200AB4FA8 /* RestaurantDetailsView.swift */; };
		C54E35922B542B050069E963 /* PopularDestinationsView.swift in Sources */ = {isa = PBXBuildFile; fileRef = C54E35912B542B050069E963 /* PopularDestinationsView.swift */; };
		C54E35942B542C480069E963 /* PopularRestaurantsView.swift in Sources */ = {isa = PBXBuildFile; fileRef = C54E35932B542C480069E963 /* PopularRestaurantsView.swift */; };
		C54E35962B542CBF0069E963 /* DiscoverCategoriesView.swift in Sources */ = {isa = PBXBuildFile; fileRef = C54E35952B542CBF0069E963 /* DiscoverCategoriesView.swift */; };
		C54E35982B542DBB0069E963 /* TrendingCreatorsView.swift in Sources */ = {isa = PBXBuildFile; fileRef = C54E35972B542DBB0069E963 /* TrendingCreatorsView.swift */; };
		C54E359B2B542E450069E963 /* Destination.swift in Sources */ = {isa = PBXBuildFile; fileRef = C54E359A2B542E450069E963 /* Destination.swift */; };
		C54E359D2B542EA20069E963 /* Restaurant.swift in Sources */ = {isa = PBXBuildFile; fileRef = C54E359C2B542EA20069E963 /* Restaurant.swift */; };
		C54E359F2B542EEE0069E963 /* Category.swift in Sources */ = {isa = PBXBuildFile; fileRef = C54E359E2B542EEE0069E963 /* Category.swift */; };
		C54E35A12B542F280069E963 /* User.swift in Sources */ = {isa = PBXBuildFile; fileRef = C54E35A02B542F280069E963 /* User.swift */; };
		C54E35A42B545C710069E963 /* TileModifier.swift in Sources */ = {isa = PBXBuildFile; fileRef = C54E35A32B545C710069E963 /* TileModifier.swift */; };
		C581C41A2B6B092100C215BE /* DestinationDetails.swift in Sources */ = {isa = PBXBuildFile; fileRef = C581C4192B6B092100C215BE /* DestinationDetails.swift */; };
		C58C96E02B4DA02C00921ED4 /* TravelDiscoveryApp.swift in Sources */ = {isa = PBXBuildFile; fileRef = C58C96DF2B4DA02C00921ED4 /* TravelDiscoveryApp.swift */; };
		C58C96E22B4DA02C00921ED4 /* DiscoverView.swift in Sources */ = {isa = PBXBuildFile; fileRef = C58C96E12B4DA02C00921ED4 /* DiscoverView.swift */; };
		C58C96E42B4DA02E00921ED4 /* Assets.xcassets in Resources */ = {isa = PBXBuildFile; fileRef = C58C96E32B4DA02E00921ED4 /* Assets.xcassets */; };
		C58C96E72B4DA02E00921ED4 /* Preview Assets.xcassets in Resources */ = {isa = PBXBuildFile; fileRef = C58C96E62B4DA02E00921ED4 /* Preview Assets.xcassets */; };
		C58FEF732B7848F000560C35 /* UserDetailsViewModel.swift in Sources */ = {isa = PBXBuildFile; fileRef = C58FEF722B7848F000560C35 /* UserDetailsViewModel.swift */; };
		C58FEF752B784B6A00560C35 /* UserDetails.swift in Sources */ = {isa = PBXBuildFile; fileRef = C58FEF742B784B6A00560C35 /* UserDetails.swift */; };
		C58FEF772B784D3C00560C35 /* Post.swift in Sources */ = {isa = PBXBuildFile; fileRef = C58FEF762B784D3C00560C35 /* Post.swift */; };
		C5CBCD902B759FE800E42794 /* UserDetailsView.swift in Sources */ = {isa = PBXBuildFile; fileRef = C5CBCD8F2B759FE800E42794 /* UserDetailsView.swift */; };
		C5D4D85F2B714D2A0056184B /* RestaurantDetails.swift in Sources */ = {isa = PBXBuildFile; fileRef = C5D4D85E2B714D2A0056184B /* RestaurantDetails.swift */; };
		C5D4D8612B714D460056184B /* Review.swift in Sources */ = {isa = PBXBuildFile; fileRef = C5D4D8602B714D460056184B /* Review.swift */; };
		C5D4D8632B714D610056184B /* ReviewUser.swift in Sources */ = {isa = PBXBuildFile; fileRef = C5D4D8622B714D610056184B /* ReviewUser.swift */; };
		C5D4D8652B714D780056184B /* Dish.swift in Sources */ = {isa = PBXBuildFile; fileRef = C5D4D8642B714D780056184B /* Dish.swift */; };
		C5D4D8672B714DBA0056184B /* RestaurantDetailsViewModel.swift in Sources */ = {isa = PBXBuildFile; fileRef = C5D4D8662B714DBA0056184B /* RestaurantDetailsViewModel.swift */; };
		C5D4D8692B714E230056184B /* CategoryDetailsViewModel.swift in Sources */ = {isa = PBXBuildFile; fileRef = C5D4D8682B714E230056184B /* CategoryDetailsViewModel.swift */; };
		C5D4D86B2B717CF80056184B /* RestaurantPhotosView.swift in Sources */ = {isa = PBXBuildFile; fileRef = C5D4D86A2B717CF80056184B /* RestaurantPhotosView.swift */; };
		C5D4D86D2B72BE140056184B /* RestaurantCarouselView.swift in Sources */ = {isa = PBXBuildFile; fileRef = C5D4D86C2B72BE140056184B /* RestaurantCarouselView.swift */; };
		C5D517672B685B0600F0AB6E /* Attraction.swift in Sources */ = {isa = PBXBuildFile; fileRef = C5D517662B685B0500F0AB6E /* Attraction.swift */; };
/* End PBXBuildFile section */

/* Begin PBXFileReference section */
		C50A267B2B5C4CAB0034F8DE /* CategoryDetailsView.swift */ = {isa = PBXFileReference; lastKnownFileType = sourcecode.swift; path = CategoryDetailsView.swift; sourceTree = "<group>"; };
		C50A267D2B5C4D730034F8DE /* ActivityIndicatorView.swift */ = {isa = PBXFileReference; lastKnownFileType = sourcecode.swift; path = ActivityIndicatorView.swift; sourceTree = "<group>"; };
		C50A267F2B5C4DC70034F8DE /* Place.swift */ = {isa = PBXFileReference; lastKnownFileType = sourcecode.swift; path = Place.swift; sourceTree = "<group>"; };
		C52A9D192B6C213700AB4FA8 /* DestinationHeaderContainer.swift */ = {isa = PBXFileReference; lastKnownFileType = sourcecode.swift; path = DestinationHeaderContainer.swift; sourceTree = "<group>"; };
		C52A9D1C2B6C5C0200AB4FA8 /* RestaurantDetailsView.swift */ = {isa = PBXFileReference; lastKnownFileType = sourcecode.swift; path = RestaurantDetailsView.swift; sourceTree = "<group>"; };
		C54E35912B542B050069E963 /* PopularDestinationsView.swift */ = {isa = PBXFileReference; lastKnownFileType = sourcecode.swift; path = PopularDestinationsView.swift; sourceTree = "<group>"; };
		C54E35932B542C480069E963 /* PopularRestaurantsView.swift */ = {isa = PBXFileReference; lastKnownFileType = sourcecode.swift; path = PopularRestaurantsView.swift; sourceTree = "<group>"; };
		C54E35952B542CBF0069E963 /* DiscoverCategoriesView.swift */ = {isa = PBXFileReference; lastKnownFileType = sourcecode.swift; path = DiscoverCategoriesView.swift; sourceTree = "<group>"; };
		C54E35972B542DBB0069E963 /* TrendingCreatorsView.swift */ = {isa = PBXFileReference; lastKnownFileType = sourcecode.swift; path = TrendingCreatorsView.swift; sourceTree = "<group>"; };
		C54E359A2B542E450069E963 /* Destination.swift */ = {isa = PBXFileReference; lastKnownFileType = sourcecode.swift; path = Destination.swift; sourceTree = "<group>"; };
		C54E359C2B542EA20069E963 /* Restaurant.swift */ = {isa = PBXFileReference; lastKnownFileType = sourcecode.swift; path = Restaurant.swift; sourceTree = "<group>"; };
		C54E359E2B542EEE0069E963 /* Category.swift */ = {isa = PBXFileReference; lastKnownFileType = sourcecode.swift; path = Category.swift; sourceTree = "<group>"; };
		C54E35A02B542F280069E963 /* User.swift */ = {isa = PBXFileReference; lastKnownFileType = sourcecode.swift; path = User.swift; sourceTree = "<group>"; };
		C54E35A32B545C710069E963 /* TileModifier.swift */ = {isa = PBXFileReference; lastKnownFileType = sourcecode.swift; path = TileModifier.swift; sourceTree = "<group>"; };
		C581C4192B6B092100C215BE /* DestinationDetails.swift */ = {isa = PBXFileReference; lastKnownFileType = sourcecode.swift; path = DestinationDetails.swift; sourceTree = "<group>"; };
		C58C96DC2B4DA02C00921ED4 /* TravelDiscovery.app */ = {isa = PBXFileReference; explicitFileType = wrapper.application; includeInIndex = 0; path = TravelDiscovery.app; sourceTree = BUILT_PRODUCTS_DIR; };
		C58C96DF2B4DA02C00921ED4 /* TravelDiscoveryApp.swift */ = {isa = PBXFileReference; lastKnownFileType = sourcecode.swift; path = TravelDiscoveryApp.swift; sourceTree = "<group>"; };
		C58C96E12B4DA02C00921ED4 /* DiscoverView.swift */ = {isa = PBXFileReference; lastKnownFileType = sourcecode.swift; path = DiscoverView.swift; sourceTree = "<group>"; };
		C58C96E32B4DA02E00921ED4 /* Assets.xcassets */ = {isa = PBXFileReference; lastKnownFileType = folder.assetcatalog; path = Assets.xcassets; sourceTree = "<group>"; };
		C58C96E62B4DA02E00921ED4 /* Preview Assets.xcassets */ = {isa = PBXFileReference; lastKnownFileType = folder.assetcatalog; path = "Preview Assets.xcassets"; sourceTree = "<group>"; };
		C58FEF722B7848F000560C35 /* UserDetailsViewModel.swift */ = {isa = PBXFileReference; lastKnownFileType = sourcecode.swift; path = UserDetailsViewModel.swift; sourceTree = "<group>"; };
		C58FEF742B784B6A00560C35 /* UserDetails.swift */ = {isa = PBXFileReference; lastKnownFileType = sourcecode.swift; path = UserDetails.swift; sourceTree = "<group>"; };
		C58FEF762B784D3C00560C35 /* Post.swift */ = {isa = PBXFileReference; lastKnownFileType = sourcecode.swift; path = Post.swift; sourceTree = "<group>"; };
		C5CBCD8F2B759FE800E42794 /* UserDetailsView.swift */ = {isa = PBXFileReference; lastKnownFileType = sourcecode.swift; path = UserDetailsView.swift; sourceTree = "<group>"; };
		C5D4D85E2B714D2A0056184B /* RestaurantDetails.swift */ = {isa = PBXFileReference; lastKnownFileType = sourcecode.swift; path = RestaurantDetails.swift; sourceTree = "<group>"; };
		C5D4D8602B714D460056184B /* Review.swift */ = {isa = PBXFileReference; lastKnownFileType = sourcecode.swift; path = Review.swift; sourceTree = "<group>"; };
		C5D4D8622B714D610056184B /* ReviewUser.swift */ = {isa = PBXFileReference; lastKnownFileType = sourcecode.swift; path = ReviewUser.swift; sourceTree = "<group>"; };
		C5D4D8642B714D780056184B /* Dish.swift */ = {isa = PBXFileReference; lastKnownFileType = sourcecode.swift; path = Dish.swift; sourceTree = "<group>"; };
		C5D4D8662B714DBA0056184B /* RestaurantDetailsViewModel.swift */ = {isa = PBXFileReference; lastKnownFileType = sourcecode.swift; path = RestaurantDetailsViewModel.swift; sourceTree = "<group>"; };
		C5D4D8682B714E230056184B /* CategoryDetailsViewModel.swift */ = {isa = PBXFileReference; lastKnownFileType = sourcecode.swift; path = CategoryDetailsViewModel.swift; sourceTree = "<group>"; };
		C5D4D86A2B717CF80056184B /* RestaurantPhotosView.swift */ = {isa = PBXFileReference; lastKnownFileType = sourcecode.swift; path = RestaurantPhotosView.swift; sourceTree = "<group>"; };
		C5D4D86C2B72BE140056184B /* RestaurantCarouselView.swift */ = {isa = PBXFileReference; lastKnownFileType = sourcecode.swift; path = RestaurantCarouselView.swift; sourceTree = "<group>"; };
		C5D517662B685B0500F0AB6E /* Attraction.swift */ = {isa = PBXFileReference; lastKnownFileType = sourcecode.swift; path = Attraction.swift; sourceTree = "<group>"; };
/* End PBXFileReference section */

/* Begin PBXFrameworksBuildPhase section */
		C58C96D92B4DA02C00921ED4 /* Frameworks */ = {
			isa = PBXFrameworksBuildPhase;
			buildActionMask = 2147483647;
			files = (
				C50A26792B5C1A840034F8DE /* SDWebImageSwiftUI in Frameworks */,
				C50A26762B5C1A290034F8DE /* Kingfisher in Frameworks */,
			);
			runOnlyForDeploymentPostprocessing = 0;
		};
/* End PBXFrameworksBuildPhase section */

/* Begin PBXGroup section */
		C50A267A2B5C4C940034F8DE /* Category */ = {
			isa = PBXGroup;
			children = (
				C50A267B2B5C4CAB0034F8DE /* CategoryDetailsView.swift */,
				C5D4D8682B714E230056184B /* CategoryDetailsViewModel.swift */,
			);
			path = Category;
			sourceTree = "<group>";
		};
		C52A9D162B6C210D00AB4FA8 /* Destination */ = {
			isa = PBXGroup;
			children = (
				C52A9D192B6C213700AB4FA8 /* DestinationHeaderContainer.swift */,
			);
			path = Destination;
			sourceTree = "<group>";
		};
		C52A9D1B2B6C5BF500AB4FA8 /* Restaurant */ = {
			isa = PBXGroup;
			children = (
				C52A9D1C2B6C5C0200AB4FA8 /* RestaurantDetailsView.swift */,
				C5D4D8662B714DBA0056184B /* RestaurantDetailsViewModel.swift */,
				C5D4D86A2B717CF80056184B /* RestaurantPhotosView.swift */,
				C5D4D86C2B72BE140056184B /* RestaurantCarouselView.swift */,
			);
			path = Restaurant;
			sourceTree = "<group>";
		};
		C54E35902B54289E0069E963 /* Discover */ = {
			isa = PBXGroup;
			children = (
				C5CBCD8E2B759FD600E42794 /* User */,
				C52A9D1B2B6C5BF500AB4FA8 /* Restaurant */,
				C52A9D162B6C210D00AB4FA8 /* Destination */,
				C50A267A2B5C4C940034F8DE /* Category */,
				C58C96E12B4DA02C00921ED4 /* DiscoverView.swift */,
				C54E35912B542B050069E963 /* PopularDestinationsView.swift */,
				C54E35932B542C480069E963 /* PopularRestaurantsView.swift */,
				C54E35952B542CBF0069E963 /* DiscoverCategoriesView.swift */,
				C54E35972B542DBB0069E963 /* TrendingCreatorsView.swift */,
			);
			path = Discover;
			sourceTree = "<group>";
		};
		C54E35992B542E130069E963 /* Models */ = {
			isa = PBXGroup;
			children = (
				C54E359A2B542E450069E963 /* Destination.swift */,
				C54E359C2B542EA20069E963 /* Restaurant.swift */,
				C54E359E2B542EEE0069E963 /* Category.swift */,
				C54E35A02B542F280069E963 /* User.swift */,
				C50A267F2B5C4DC70034F8DE /* Place.swift */,
				C5D517662B685B0500F0AB6E /* Attraction.swift */,
				C581C4192B6B092100C215BE /* DestinationDetails.swift */,
				C5D4D85E2B714D2A0056184B /* RestaurantDetails.swift */,
				C5D4D8602B714D460056184B /* Review.swift */,
				C5D4D8622B714D610056184B /* ReviewUser.swift */,
				C5D4D8642B714D780056184B /* Dish.swift */,
				C58FEF742B784B6A00560C35 /* UserDetails.swift */,
				C58FEF762B784D3C00560C35 /* Post.swift */,
			);
			path = Models;
			sourceTree = "<group>";
		};
		C54E35A22B545C560069E963 /* Utils */ = {
			isa = PBXGroup;
			children = (
				C54E35A32B545C710069E963 /* TileModifier.swift */,
				C50A267D2B5C4D730034F8DE /* ActivityIndicatorView.swift */,
			);
			path = Utils;
			sourceTree = "<group>";
		};
		C58C96D32B4DA02C00921ED4 = {
			isa = PBXGroup;
			children = (
				C58C96DE2B4DA02C00921ED4 /* TravelDiscovery */,
				C58C96DD2B4DA02C00921ED4 /* Products */,
			);
			sourceTree = "<group>";
		};
		C58C96DD2B4DA02C00921ED4 /* Products */ = {
			isa = PBXGroup;
			children = (
				C58C96DC2B4DA02C00921ED4 /* TravelDiscovery.app */,
			);
			name = Products;
			sourceTree = "<group>";
		};
		C58C96DE2B4DA02C00921ED4 /* TravelDiscovery */ = {
			isa = PBXGroup;
			children = (
				C54E35A22B545C560069E963 /* Utils */,
				C54E35992B542E130069E963 /* Models */,
				C54E35902B54289E0069E963 /* Discover */,
				C58C96DF2B4DA02C00921ED4 /* TravelDiscoveryApp.swift */,
				C58C96E32B4DA02E00921ED4 /* Assets.xcassets */,
				C58C96E52B4DA02E00921ED4 /* Preview Content */,
			);
			path = TravelDiscovery;
			sourceTree = "<group>";
		};
		C58C96E52B4DA02E00921ED4 /* Preview Content */ = {
			isa = PBXGroup;
			children = (
				C58C96E62B4DA02E00921ED4 /* Preview Assets.xcassets */,
			);
			path = "Preview Content";
			sourceTree = "<group>";
		};
		C5CBCD8E2B759FD600E42794 /* User */ = {
			isa = PBXGroup;
			children = (
				C5CBCD8F2B759FE800E42794 /* UserDetailsView.swift */,
				C58FEF722B7848F000560C35 /* UserDetailsViewModel.swift */,
			);
			path = User;
			sourceTree = "<group>";
		};
/* End PBXGroup section */

/* Begin PBXNativeTarget section */
		C58C96DB2B4DA02C00921ED4 /* TravelDiscovery */ = {
			isa = PBXNativeTarget;
			buildConfigurationList = C58C96EA2B4DA02E00921ED4 /* Build configuration list for PBXNativeTarget "TravelDiscovery" */;
			buildPhases = (
				C58C96D82B4DA02C00921ED4 /* Sources */,
				C58C96D92B4DA02C00921ED4 /* Frameworks */,
				C58C96DA2B4DA02C00921ED4 /* Resources */,
			);
			buildRules = (
			);
			dependencies = (
			);
			name = TravelDiscovery;
			packageProductDependencies = (
				C50A26752B5C1A290034F8DE /* Kingfisher */,
				C50A26782B5C1A840034F8DE /* SDWebImageSwiftUI */,
			);
			productName = TravelDiscovery;
			productReference = C58C96DC2B4DA02C00921ED4 /* TravelDiscovery.app */;
			productType = "com.apple.product-type.application";
		};
/* End PBXNativeTarget section */

/* Begin PBXProject section */
		C58C96D42B4DA02C00921ED4 /* Project object */ = {
			isa = PBXProject;
			attributes = {
				BuildIndependentTargetsInParallel = 1;
				LastSwiftUpdateCheck = 1520;
				LastUpgradeCheck = 1520;
				TargetAttributes = {
					C58C96DB2B4DA02C00921ED4 = {
						CreatedOnToolsVersion = 15.2;
					};
				};
			};
			buildConfigurationList = C58C96D72B4DA02C00921ED4 /* Build configuration list for PBXProject "TravelDiscovery" */;
			compatibilityVersion = "Xcode 14.0";
			developmentRegion = en;
			hasScannedForEncodings = 0;
			knownRegions = (
				en,
				Base,
			);
			mainGroup = C58C96D32B4DA02C00921ED4;
			packageReferences = (
				C50A26742B5C1A290034F8DE /* XCRemoteSwiftPackageReference "Kingfisher" */,
				C50A26772B5C1A840034F8DE /* XCRemoteSwiftPackageReference "SDWebImageSwiftUI" */,
			);
			productRefGroup = C58C96DD2B4DA02C00921ED4 /* Products */;
			projectDirPath = "";
			projectRoot = "";
			targets = (
				C58C96DB2B4DA02C00921ED4 /* TravelDiscovery */,
			);
		};
/* End PBXProject section */

/* Begin PBXResourcesBuildPhase section */
		C58C96DA2B4DA02C00921ED4 /* Resources */ = {
			isa = PBXResourcesBuildPhase;
			buildActionMask = 2147483647;
			files = (
				C58C96E72B4DA02E00921ED4 /* Preview Assets.xcassets in Resources */,
				C58C96E42B4DA02E00921ED4 /* Assets.xcassets in Resources */,
			);
			runOnlyForDeploymentPostprocessing = 0;
		};
/* End PBXResourcesBuildPhase section */

/* Begin PBXSourcesBuildPhase section */
		C58C96D82B4DA02C00921ED4 /* Sources */ = {
			isa = PBXSourcesBuildPhase;
			buildActionMask = 2147483647;
			files = (
				C54E35962B542CBF0069E963 /* DiscoverCategoriesView.swift in Sources */,
				C5D4D8632B714D610056184B /* ReviewUser.swift in Sources */,
				C5D4D85F2B714D2A0056184B /* RestaurantDetails.swift in Sources */,
				C54E35A42B545C710069E963 /* TileModifier.swift in Sources */,
				C5D4D86B2B717CF80056184B /* RestaurantPhotosView.swift in Sources */,
				C54E35922B542B050069E963 /* PopularDestinationsView.swift in Sources */,
				C54E35982B542DBB0069E963 /* TrendingCreatorsView.swift in Sources */,
				C58FEF752B784B6A00560C35 /* UserDetails.swift in Sources */,
				C5D4D8672B714DBA0056184B /* RestaurantDetailsViewModel.swift in Sources */,
				C58FEF772B784D3C00560C35 /* Post.swift in Sources */,
				C5D4D8612B714D460056184B /* Review.swift in Sources */,
				C5D4D86D2B72BE140056184B /* RestaurantCarouselView.swift in Sources */,
				C54E35942B542C480069E963 /* PopularRestaurantsView.swift in Sources */,
				C50A26802B5C4DC70034F8DE /* Place.swift in Sources */,
				C54E359D2B542EA20069E963 /* Restaurant.swift in Sources */,
				C5CBCD902B759FE800E42794 /* UserDetailsView.swift in Sources */,
				C581C41A2B6B092100C215BE /* DestinationDetails.swift in Sources */,
				C5D517672B685B0600F0AB6E /* Attraction.swift in Sources */,
				C54E359F2B542EEE0069E963 /* Category.swift in Sources */,
				C5D4D8652B714D780056184B /* Dish.swift in Sources */,
				C58FEF732B7848F000560C35 /* UserDetailsViewModel.swift in Sources */,
				C52A9D1D2B6C5C0200AB4FA8 /* RestaurantDetailsView.swift in Sources */,
				C52A9D1A2B6C213700AB4FA8 /* DestinationHeaderContainer.swift in Sources */,
				C5D4D8692B714E230056184B /* CategoryDetailsViewModel.swift in Sources */,
				C58C96E22B4DA02C00921ED4 /* DiscoverView.swift in Sources */,
				C58C96E02B4DA02C00921ED4 /* TravelDiscoveryApp.swift in Sources */,
				C54E35A12B542F280069E963 /* User.swift in Sources */,
				C54E359B2B542E450069E963 /* Destination.swift in Sources */,
				C50A267E2B5C4D730034F8DE /* ActivityIndicatorView.swift in Sources */,
				C50A267C2B5C4CAB0034F8DE /* CategoryDetailsView.swift in Sources */,
			);
			runOnlyForDeploymentPostprocessing = 0;
		};
/* End PBXSourcesBuildPhase section */

/* Begin XCBuildConfiguration section */
		C58C96E82B4DA02E00921ED4 /* Debug */ = {
			isa = XCBuildConfiguration;
			buildSettings = {
				ALWAYS_SEARCH_USER_PATHS = NO;
				ASSETCATALOG_COMPILER_GENERATE_SWIFT_ASSET_SYMBOL_EXTENSIONS = YES;
				CLANG_ANALYZER_NONNULL = YES;
				CLANG_ANALYZER_NUMBER_OBJECT_CONVERSION = YES_AGGRESSIVE;
				CLANG_CXX_LANGUAGE_STANDARD = "gnu++20";
				CLANG_ENABLE_MODULES = YES;
				CLANG_ENABLE_OBJC_ARC = YES;
				CLANG_ENABLE_OBJC_WEAK = YES;
				CLANG_WARN_BLOCK_CAPTURE_AUTORELEASING = YES;
				CLANG_WARN_BOOL_CONVERSION = YES;
				CLANG_WARN_COMMA = YES;
				CLANG_WARN_CONSTANT_CONVERSION = YES;
				CLANG_WARN_DEPRECATED_OBJC_IMPLEMENTATIONS = YES;
				CLANG_WARN_DIRECT_OBJC_ISA_USAGE = YES_ERROR;
				CLANG_WARN_DOCUMENTATION_COMMENTS = YES;
				CLANG_WARN_EMPTY_BODY = YES;
				CLANG_WARN_ENUM_CONVERSION = YES;
				CLANG_WARN_INFINITE_RECURSION = YES;
				CLANG_WARN_INT_CONVERSION = YES;
				CLANG_WARN_NON_LITERAL_NULL_CONVERSION = YES;
				CLANG_WARN_OBJC_IMPLICIT_RETAIN_SELF = YES;
				CLANG_WARN_OBJC_LITERAL_CONVERSION = YES;
				CLANG_WARN_OBJC_ROOT_CLASS = YES_ERROR;
				CLANG_WARN_QUOTED_INCLUDE_IN_FRAMEWORK_HEADER = YES;
				CLANG_WARN_RANGE_LOOP_ANALYSIS = YES;
				CLANG_WARN_STRICT_PROTOTYPES = YES;
				CLANG_WARN_SUSPICIOUS_MOVE = YES;
				CLANG_WARN_UNGUARDED_AVAILABILITY = YES_AGGRESSIVE;
				CLANG_WARN_UNREACHABLE_CODE = YES;
				CLANG_WARN__DUPLICATE_METHOD_MATCH = YES;
				COPY_PHASE_STRIP = NO;
				DEBUG_INFORMATION_FORMAT = dwarf;
				ENABLE_STRICT_OBJC_MSGSEND = YES;
				ENABLE_TESTABILITY = YES;
				ENABLE_USER_SCRIPT_SANDBOXING = YES;
				GCC_C_LANGUAGE_STANDARD = gnu17;
				GCC_DYNAMIC_NO_PIC = NO;
				GCC_NO_COMMON_BLOCKS = YES;
				GCC_OPTIMIZATION_LEVEL = 0;
				GCC_PREPROCESSOR_DEFINITIONS = (
					"DEBUG=1",
					"$(inherited)",
				);
				GCC_WARN_64_TO_32_BIT_CONVERSION = YES;
				GCC_WARN_ABOUT_RETURN_TYPE = YES_ERROR;
				GCC_WARN_UNDECLARED_SELECTOR = YES;
				GCC_WARN_UNINITIALIZED_AUTOS = YES_AGGRESSIVE;
				GCC_WARN_UNUSED_FUNCTION = YES;
				GCC_WARN_UNUSED_VARIABLE = YES;
				IPHONEOS_DEPLOYMENT_TARGET = 17.2;
				LOCALIZATION_PREFERS_STRING_CATALOGS = YES;
				MTL_ENABLE_DEBUG_INFO = INCLUDE_SOURCE;
				MTL_FAST_MATH = YES;
				ONLY_ACTIVE_ARCH = YES;
				SDKROOT = iphoneos;
				SWIFT_ACTIVE_COMPILATION_CONDITIONS = "DEBUG $(inherited)";
				SWIFT_OPTIMIZATION_LEVEL = "-Onone";
			};
			name = Debug;
		};
		C58C96E92B4DA02E00921ED4 /* Release */ = {
			isa = XCBuildConfiguration;
			buildSettings = {
				ALWAYS_SEARCH_USER_PATHS = NO;
				ASSETCATALOG_COMPILER_GENERATE_SWIFT_ASSET_SYMBOL_EXTENSIONS = YES;
				CLANG_ANALYZER_NONNULL = YES;
				CLANG_ANALYZER_NUMBER_OBJECT_CONVERSION = YES_AGGRESSIVE;
				CLANG_CXX_LANGUAGE_STANDARD = "gnu++20";
				CLANG_ENABLE_MODULES = YES;
				CLANG_ENABLE_OBJC_ARC = YES;
				CLANG_ENABLE_OBJC_WEAK = YES;
				CLANG_WARN_BLOCK_CAPTURE_AUTORELEASING = YES;
				CLANG_WARN_BOOL_CONVERSION = YES;
				CLANG_WARN_COMMA = YES;
				CLANG_WARN_CONSTANT_CONVERSION = YES;
				CLANG_WARN_DEPRECATED_OBJC_IMPLEMENTATIONS = YES;
				CLANG_WARN_DIRECT_OBJC_ISA_USAGE = YES_ERROR;
				CLANG_WARN_DOCUMENTATION_COMMENTS = YES;
				CLANG_WARN_EMPTY_BODY = YES;
				CLANG_WARN_ENUM_CONVERSION = YES;
				CLANG_WARN_INFINITE_RECURSION = YES;
				CLANG_WARN_INT_CONVERSION = YES;
				CLANG_WARN_NON_LITERAL_NULL_CONVERSION = YES;
				CLANG_WARN_OBJC_IMPLICIT_RETAIN_SELF = YES;
				CLANG_WARN_OBJC_LITERAL_CONVERSION = YES;
				CLANG_WARN_OBJC_ROOT_CLASS = YES_ERROR;
				CLANG_WARN_QUOTED_INCLUDE_IN_FRAMEWORK_HEADER = YES;
				CLANG_WARN_RANGE_LOOP_ANALYSIS = YES;
				CLANG_WARN_STRICT_PROTOTYPES = YES;
				CLANG_WARN_SUSPICIOUS_MOVE = YES;
				CLANG_WARN_UNGUARDED_AVAILABILITY = YES_AGGRESSIVE;
				CLANG_WARN_UNREACHABLE_CODE = YES;
				CLANG_WARN__DUPLICATE_METHOD_MATCH = YES;
				COPY_PHASE_STRIP = NO;
				DEBUG_INFORMATION_FORMAT = "dwarf-with-dsym";
				ENABLE_NS_ASSERTIONS = NO;
				ENABLE_STRICT_OBJC_MSGSEND = YES;
				ENABLE_USER_SCRIPT_SANDBOXING = YES;
				GCC_C_LANGUAGE_STANDARD = gnu17;
				GCC_NO_COMMON_BLOCKS = YES;
				GCC_WARN_64_TO_32_BIT_CONVERSION = YES;
				GCC_WARN_ABOUT_RETURN_TYPE = YES_ERROR;
				GCC_WARN_UNDECLARED_SELECTOR = YES;
				GCC_WARN_UNINITIALIZED_AUTOS = YES_AGGRESSIVE;
				GCC_WARN_UNUSED_FUNCTION = YES;
				GCC_WARN_UNUSED_VARIABLE = YES;
				IPHONEOS_DEPLOYMENT_TARGET = 17.2;
				LOCALIZATION_PREFERS_STRING_CATALOGS = YES;
				MTL_ENABLE_DEBUG_INFO = NO;
				MTL_FAST_MATH = YES;
				SDKROOT = iphoneos;
				SWIFT_COMPILATION_MODE = wholemodule;
				VALIDATE_PRODUCT = YES;
			};
			name = Release;
		};
		C58C96EB2B4DA02E00921ED4 /* Debug */ = {
			isa = XCBuildConfiguration;
			buildSettings = {
				ASSETCATALOG_COMPILER_APPICON_NAME = AppIcon;
				ASSETCATALOG_COMPILER_GLOBAL_ACCENT_COLOR_NAME = AccentColor;
				CODE_SIGN_STYLE = Automatic;
				CURRENT_PROJECT_VERSION = 1;
				DEVELOPMENT_ASSET_PATHS = "\"TravelDiscovery/Preview Content\"";
				DEVELOPMENT_TEAM = 8C82MG3N32;
				ENABLE_PREVIEWS = YES;
				GENERATE_INFOPLIST_FILE = YES;
				INFOPLIST_KEY_UIApplicationSceneManifest_Generation = YES;
				INFOPLIST_KEY_UIApplicationSupportsIndirectInputEvents = YES;
				INFOPLIST_KEY_UILaunchScreen_Generation = YES;
				INFOPLIST_KEY_UISupportedInterfaceOrientations_iPad = "UIInterfaceOrientationPortrait UIInterfaceOrientationPortraitUpsideDown UIInterfaceOrientationLandscapeLeft UIInterfaceOrientationLandscapeRight";
				INFOPLIST_KEY_UISupportedInterfaceOrientations_iPhone = "UIInterfaceOrientationPortrait UIInterfaceOrientationLandscapeLeft UIInterfaceOrientationLandscapeRight";
				IPHONEOS_DEPLOYMENT_TARGET = 17.2;
				LD_RUNPATH_SEARCH_PATHS = (
					"$(inherited)",
					"@executable_path/Frameworks",
				);
				MARKETING_VERSION = 1.0;
				PRODUCT_BUNDLE_IDENTIFIER = com.letsbuildthatapp.TravelDiscovery;
				PRODUCT_NAME = "$(TARGET_NAME)";
				SWIFT_EMIT_LOC_STRINGS = YES;
				SWIFT_VERSION = 5.0;
				TARGETED_DEVICE_FAMILY = "1,2";
			};
			name = Debug;
		};
		C58C96EC2B4DA02E00921ED4 /* Release */ = {
			isa = XCBuildConfiguration;
			buildSettings = {
				ASSETCATALOG_COMPILER_APPICON_NAME = AppIcon;
				ASSETCATALOG_COMPILER_GLOBAL_ACCENT_COLOR_NAME = AccentColor;
				CODE_SIGN_STYLE = Automatic;
				CURRENT_PROJECT_VERSION = 1;
				DEVELOPMENT_ASSET_PATHS = "\"TravelDiscovery/Preview Content\"";
				DEVELOPMENT_TEAM = 8C82MG3N32;
				ENABLE_PREVIEWS = YES;
				GENERATE_INFOPLIST_FILE = YES;
				INFOPLIST_KEY_UIApplicationSceneManifest_Generation = YES;
				INFOPLIST_KEY_UIApplicationSupportsIndirectInputEvents = YES;
				INFOPLIST_KEY_UILaunchScreen_Generation = YES;
				INFOPLIST_KEY_UISupportedInterfaceOrientations_iPad = "UIInterfaceOrientationPortrait UIInterfaceOrientationPortraitUpsideDown UIInterfaceOrientationLandscapeLeft UIInterfaceOrientationLandscapeRight";
				INFOPLIST_KEY_UISupportedInterfaceOrientations_iPhone = "UIInterfaceOrientationPortrait UIInterfaceOrientationLandscapeLeft UIInterfaceOrientationLandscapeRight";
				IPHONEOS_DEPLOYMENT_TARGET = 17.2;
				LD_RUNPATH_SEARCH_PATHS = (
					"$(inherited)",
					"@executable_path/Frameworks",
				);
				MARKETING_VERSION = 1.0;
				PRODUCT_BUNDLE_IDENTIFIER = com.letsbuildthatapp.TravelDiscovery;
				PRODUCT_NAME = "$(TARGET_NAME)";
				SWIFT_EMIT_LOC_STRINGS = YES;
				SWIFT_VERSION = 5.0;
				TARGETED_DEVICE_FAMILY = "1,2";
			};
			name = Release;
		};
/* End XCBuildConfiguration section */

/* Begin XCConfigurationList section */
		C58C96D72B4DA02C00921ED4 /* Build configuration list for PBXProject "TravelDiscovery" */ = {
			isa = XCConfigurationList;
			buildConfigurations = (
				C58C96E82B4DA02E00921ED4 /* Debug */,
				C58C96E92B4DA02E00921ED4 /* Release */,
			);
			defaultConfigurationIsVisible = 0;
			defaultConfigurationName = Release;
		};
		C58C96EA2B4DA02E00921ED4 /* Build configuration list for PBXNativeTarget "TravelDiscovery" */ = {
			isa = XCConfigurationList;
			buildConfigurations = (
				C58C96EB2B4DA02E00921ED4 /* Debug */,
				C58C96EC2B4DA02E00921ED4 /* Release */,
			);
			defaultConfigurationIsVisible = 0;
			defaultConfigurationName = Release;
		};
/* End XCConfigurationList section */

/* Begin XCRemoteSwiftPackageReference section */
		C50A26742B5C1A290034F8DE /* XCRemoteSwiftPackageReference "Kingfisher" */ = {
			isa = XCRemoteSwiftPackageReference;
			repositoryURL = "https://github.com/onevcat/Kingfisher";
			requirement = {
				kind = upToNextMajorVersion;
				minimumVersion = 7.10.2;
			};
		};
		C50A26772B5C1A840034F8DE /* XCRemoteSwiftPackageReference "SDWebImageSwiftUI" */ = {
			isa = XCRemoteSwiftPackageReference;
			repositoryURL = "https://github.com/SDWebImage/SDWebImageSwiftUI";
			requirement = {
				kind = upToNextMajorVersion;
				minimumVersion = 2.2.6;
			};
		};
/* End XCRemoteSwiftPackageReference section */

/* Begin XCSwiftPackageProductDependency section */
		C50A26752B5C1A290034F8DE /* Kingfisher */ = {
			isa = XCSwiftPackageProductDependency;
			package = C50A26742B5C1A290034F8DE /* XCRemoteSwiftPackageReference "Kingfisher" */;
			productName = Kingfisher;
		};
		C50A26782B5C1A840034F8DE /* SDWebImageSwiftUI */ = {
			isa = XCSwiftPackageProductDependency;
			package = C50A26772B5C1A840034F8DE /* XCRemoteSwiftPackageReference "SDWebImageSwiftUI" */;
			productName = SDWebImageSwiftUI;
		};
/* End XCSwiftPackageProductDependency section */
	};
	rootObject = C58C96D42B4DA02C00921ED4 /* Project object */;
}
